// !$*UTF8*$!
{
	archiveVersion = 1;
	classes = {
	};
	objectVersion = 56;
	objects = {

/* Begin PBXBuildFile section */
		028F60F9294F9C4200085989 /* AppDelegate.swift in Sources */ = {isa = PBXBuildFile; fileRef = 028F60F8294F9C4200085989 /* AppDelegate.swift */; };
		028F60FB294F9C4200085989 /* SceneDelegate.swift in Sources */ = {isa = PBXBuildFile; fileRef = 028F60FA294F9C4200085989 /* SceneDelegate.swift */; };
		028F6100294F9C4200085989 /* Main.storyboard in Resources */ = {isa = PBXBuildFile; fileRef = 028F60FE294F9C4200085989 /* Main.storyboard */; };
		028F6102294F9C4500085989 /* Assets.xcassets in Resources */ = {isa = PBXBuildFile; fileRef = 028F6101294F9C4500085989 /* Assets.xcassets */; };
		028F6105294F9C4500085989 /* LaunchScreen.storyboard in Resources */ = {isa = PBXBuildFile; fileRef = 028F6103294F9C4500085989 /* LaunchScreen.storyboard */; };
		028F6110294F9C4500085989 /* ColorsAppBeginnerLvlTests.swift in Sources */ = {isa = PBXBuildFile; fileRef = 028F610F294F9C4500085989 /* ColorsAppBeginnerLvlTests.swift */; };
		028F611A294F9C4500085989 /* ColorsAppBeginnerLvlUITests.swift in Sources */ = {isa = PBXBuildFile; fileRef = 028F6119294F9C4500085989 /* ColorsAppBeginnerLvlUITests.swift */; };
		028F611C294F9C4500085989 /* ColorsAppBeginnerLvlUITestsLaunchTests.swift in Sources */ = {isa = PBXBuildFile; fileRef = 028F611B294F9C4500085989 /* ColorsAppBeginnerLvlUITestsLaunchTests.swift */; };
		028F612B2950E92D00085989 /* ColorsVC.swift in Sources */ = {isa = PBXBuildFile; fileRef = 028F612A2950E92D00085989 /* ColorsVC.swift */; };
		028F612D2950F07100085989 /* ColorsDetailVC.swift in Sources */ = {isa = PBXBuildFile; fileRef = 028F612C2950F07100085989 /* ColorsDetailVC.swift */; };
/* End PBXBuildFile section */

/* Begin PBXContainerItemProxy section */
		028F610C294F9C4500085989 /* PBXContainerItemProxy */ = {
			isa = PBXContainerItemProxy;
			containerPortal = 028F60ED294F9C4200085989 /* Project object */;
			proxyType = 1;
			remoteGlobalIDString = 028F60F4294F9C4200085989;
			remoteInfo = ColorsAppBeginnerLvl;
		};
		028F6116294F9C4500085989 /* PBXContainerItemProxy */ = {
			isa = PBXContainerItemProxy;
			containerPortal = 028F60ED294F9C4200085989 /* Project object */;
			proxyType = 1;
			remoteGlobalIDString = 028F60F4294F9C4200085989;
			remoteInfo = ColorsAppBeginnerLvl;
		};
/* End PBXContainerItemProxy section */

/* Begin PBXFileReference section */
		028F60F5294F9C4200085989 /* ColorsAppBeginnerLvl.app */ = {isa = PBXFileReference; explicitFileType = wrapper.application; includeInIndex = 0; path = ColorsAppBeginnerLvl.app; sourceTree = BUILT_PRODUCTS_DIR; };
		028F60F8294F9C4200085989 /* AppDelegate.swift */ = {isa = PBXFileReference; lastKnownFileType = sourcecode.swift; path = AppDelegate.swift; sourceTree = "<group>"; };
		028F60FA294F9C4200085989 /* SceneDelegate.swift */ = {isa = PBXFileReference; lastKnownFileType = sourcecode.swift; path = SceneDelegate.swift; sourceTree = "<group>"; };
		028F60FF294F9C4200085989 /* Base */ = {isa = PBXFileReference; lastKnownFileType = file.storyboard; name = Base; path = Base.lproj/Main.storyboard; sourceTree = "<group>"; };
		028F6101294F9C4500085989 /* Assets.xcassets */ = {isa = PBXFileReference; lastKnownFileType = folder.assetcatalog; path = Assets.xcassets; sourceTree = "<group>"; };
		028F6104294F9C4500085989 /* Base */ = {isa = PBXFileReference; lastKnownFileType = file.storyboard; name = Base; path = Base.lproj/LaunchScreen.storyboard; sourceTree = "<group>"; };
		028F6106294F9C4500085989 /* Info.plist */ = {isa = PBXFileReference; lastKnownFileType = text.plist.xml; path = Info.plist; sourceTree = "<group>"; };
		028F610B294F9C4500085989 /* ColorsAppBeginnerLvlTests.xctest */ = {isa = PBXFileReference; explicitFileType = wrapper.cfbundle; includeInIndex = 0; path = ColorsAppBeginnerLvlTests.xctest; sourceTree = BUILT_PRODUCTS_DIR; };
		028F610F294F9C4500085989 /* ColorsAppBeginnerLvlTests.swift */ = {isa = PBXFileReference; lastKnownFileType = sourcecode.swift; path = ColorsAppBeginnerLvlTests.swift; sourceTree = "<group>"; };
		028F6115294F9C4500085989 /* ColorsAppBeginnerLvlUITests.xctest */ = {isa = PBXFileReference; explicitFileType = wrapper.cfbundle; includeInIndex = 0; path = ColorsAppBeginnerLvlUITests.xctest; sourceTree = BUILT_PRODUCTS_DIR; };
		028F6119294F9C4500085989 /* ColorsAppBeginnerLvlUITests.swift */ = {isa = PBXFileReference; lastKnownFileType = sourcecode.swift; path = ColorsAppBeginnerLvlUITests.swift; sourceTree = "<group>"; };
		028F611B294F9C4500085989 /* ColorsAppBeginnerLvlUITestsLaunchTests.swift */ = {isa = PBXFileReference; lastKnownFileType = sourcecode.swift; path = ColorsAppBeginnerLvlUITestsLaunchTests.swift; sourceTree = "<group>"; };
		028F612A2950E92D00085989 /* ColorsVC.swift */ = {isa = PBXFileReference; lastKnownFileType = sourcecode.swift; path = ColorsVC.swift; sourceTree = "<group>"; };
		028F612C2950F07100085989 /* ColorsDetailVC.swift */ = {isa = PBXFileReference; lastKnownFileType = sourcecode.swift; path = ColorsDetailVC.swift; sourceTree = "<group>"; };
/* End PBXFileReference section */

/* Begin PBXFrameworksBuildPhase section */
		028F60F2294F9C4200085989 /* Frameworks */ = {
			isa = PBXFrameworksBuildPhase;
			buildActionMask = 2147483647;
			files = (
			);
			runOnlyForDeploymentPostprocessing = 0;
		};
		028F6108294F9C4500085989 /* Frameworks */ = {
			isa = PBXFrameworksBuildPhase;
			buildActionMask = 2147483647;
			files = (
			);
			runOnlyForDeploymentPostprocessing = 0;
		};
		028F6112294F9C4500085989 /* Frameworks */ = {
			isa = PBXFrameworksBuildPhase;
			buildActionMask = 2147483647;
			files = (
			);
			runOnlyForDeploymentPostprocessing = 0;
		};
/* End PBXFrameworksBuildPhase section */

/* Begin PBXGroup section */
		028F60EC294F9C4200085989 = {
			isa = PBXGroup;
			children = (
				028F60F7294F9C4200085989 /* ColorsAppBeginnerLvl */,
				028F610E294F9C4500085989 /* ColorsAppBeginnerLvlTests */,
				028F6118294F9C4500085989 /* ColorsAppBeginnerLvlUITests */,
				028F60F6294F9C4200085989 /* Products */,
			);
			sourceTree = "<group>";
		};
		028F60F6294F9C4200085989 /* Products */ = {
			isa = PBXGroup;
			children = (
				028F60F5294F9C4200085989 /* ColorsAppBeginnerLvl.app */,
				028F610B294F9C4500085989 /* ColorsAppBeginnerLvlTests.xctest */,
				028F6115294F9C4500085989 /* ColorsAppBeginnerLvlUITests.xctest */,
			);
			name = Products;
			sourceTree = "<group>";
		};
		028F60F7294F9C4200085989 /* ColorsAppBeginnerLvl */ = {
			isa = PBXGroup;
			children = (
				028F60F8294F9C4200085989 /* AppDelegate.swift */,
				028F60FA294F9C4200085989 /* SceneDelegate.swift */,
				028F60FE294F9C4200085989 /* Main.storyboard */,
				028F612A2950E92D00085989 /* ColorsVC.swift */,
				028F612C2950F07100085989 /* ColorsDetailVC.swift */,
				028F6101294F9C4500085989 /* Assets.xcassets */,
				028F6103294F9C4500085989 /* LaunchScreen.storyboard */,
				028F6106294F9C4500085989 /* Info.plist */,
			);
			path = ColorsAppBeginnerLvl;
			sourceTree = "<group>";
		};
		028F610E294F9C4500085989 /* ColorsAppBeginnerLvlTests */ = {
			isa = PBXGroup;
			children = (
				028F610F294F9C4500085989 /* ColorsAppBeginnerLvlTests.swift */,
			);
			path = ColorsAppBeginnerLvlTests;
			sourceTree = "<group>";
		};
		028F6118294F9C4500085989 /* ColorsAppBeginnerLvlUITests */ = {
			isa = PBXGroup;
			children = (
				028F6119294F9C4500085989 /* ColorsAppBeginnerLvlUITests.swift */,
				028F611B294F9C4500085989 /* ColorsAppBeginnerLvlUITestsLaunchTests.swift */,
			);
			path = ColorsAppBeginnerLvlUITests;
			sourceTree = "<group>";
		};
/* End PBXGroup section */

/* Begin PBXNativeTarget section */
		028F60F4294F9C4200085989 /* ColorsAppBeginnerLvl */ = {
			isa = PBXNativeTarget;
			buildConfigurationList = 028F611F294F9C4500085989 /* Build configuration list for PBXNativeTarget "ColorsAppBeginnerLvl" */;
			buildPhases = (
				028F60F1294F9C4200085989 /* Sources */,
				028F60F2294F9C4200085989 /* Frameworks */,
				028F60F3294F9C4200085989 /* Resources */,
			);
			buildRules = (
			);
			dependencies = (
			);
			name = ColorsAppBeginnerLvl;
			productName = ColorsAppBeginnerLvl;
			productReference = 028F60F5294F9C4200085989 /* ColorsAppBeginnerLvl.app */;
			productType = "com.apple.product-type.application";
		};
		028F610A294F9C4500085989 /* ColorsAppBeginnerLvlTests */ = {
			isa = PBXNativeTarget;
			buildConfigurationList = 028F6122294F9C4500085989 /* Build configuration list for PBXNativeTarget "ColorsAppBeginnerLvlTests" */;
			buildPhases = (
				028F6107294F9C4500085989 /* Sources */,
				028F6108294F9C4500085989 /* Frameworks */,
				028F6109294F9C4500085989 /* Resources */,
			);
			buildRules = (
			);
			dependencies = (
				028F610D294F9C4500085989 /* PBXTargetDependency */,
			);
			name = ColorsAppBeginnerLvlTests;
			productName = ColorsAppBeginnerLvlTests;
			productReference = 028F610B294F9C4500085989 /* ColorsAppBeginnerLvlTests.xctest */;
			productType = "com.apple.product-type.bundle.unit-test";
		};
		028F6114294F9C4500085989 /* ColorsAppBeginnerLvlUITests */ = {
			isa = PBXNativeTarget;
			buildConfigurationList = 028F6125294F9C4500085989 /* Build configuration list for PBXNativeTarget "ColorsAppBeginnerLvlUITests" */;
			buildPhases = (
				028F6111294F9C4500085989 /* Sources */,
				028F6112294F9C4500085989 /* Frameworks */,
				028F6113294F9C4500085989 /* Resources */,
			);
			buildRules = (
			);
			dependencies = (
				028F6117294F9C4500085989 /* PBXTargetDependency */,
			);
			name = ColorsAppBeginnerLvlUITests;
			productName = ColorsAppBeginnerLvlUITests;
			productReference = 028F6115294F9C4500085989 /* ColorsAppBeginnerLvlUITests.xctest */;
			productType = "com.apple.product-type.bundle.ui-testing";
		};
/* End PBXNativeTarget section */

/* Begin PBXProject section */
		028F60ED294F9C4200085989 /* Project object */ = {
			isa = PBXProject;
			attributes = {
				BuildIndependentTargetsInParallel = 1;
				LastSwiftUpdateCheck = 1420;
				LastUpgradeCheck = 1420;
				TargetAttributes = {
					028F60F4294F9C4200085989 = {
						CreatedOnToolsVersion = 14.2;
					};
					028F610A294F9C4500085989 = {
						CreatedOnToolsVersion = 14.2;
						TestTargetID = 028F60F4294F9C4200085989;
					};
					028F6114294F9C4500085989 = {
						CreatedOnToolsVersion = 14.2;
						TestTargetID = 028F60F4294F9C4200085989;
					};
				};
			};
			buildConfigurationList = 028F60F0294F9C4200085989 /* Build configuration list for PBXProject "ColorsAppBeginnerLvl" */;
			compatibilityVersion = "Xcode 14.0";
			developmentRegion = en;
			hasScannedForEncodings = 0;
			knownRegions = (
				en,
				Base,
			);
			mainGroup = 028F60EC294F9C4200085989;
			productRefGroup = 028F60F6294F9C4200085989 /* Products */;
			projectDirPath = "";
			projectRoot = "";
			targets = (
				028F60F4294F9C4200085989 /* ColorsAppBeginnerLvl */,
				028F610A294F9C4500085989 /* ColorsAppBeginnerLvlTests */,
				028F6114294F9C4500085989 /* ColorsAppBeginnerLvlUITests */,
			);
		};
/* End PBXProject section */

/* Begin PBXResourcesBuildPhase section */
		028F60F3294F9C4200085989 /* Resources */ = {
			isa = PBXResourcesBuildPhase;
			buildActionMask = 2147483647;
			files = (
				028F6105294F9C4500085989 /* LaunchScreen.storyboard in Resources */,
				028F6102294F9C4500085989 /* Assets.xcassets in Resources */,
				028F6100294F9C4200085989 /* Main.storyboard in Resources */,
			);
			runOnlyForDeploymentPostprocessing = 0;
		};
		028F6109294F9C4500085989 /* Resources */ = {
			isa = PBXResourcesBuildPhase;
			buildActionMask = 2147483647;
			files = (
			);
			runOnlyForDeploymentPostprocessing = 0;
		};
		028F6113294F9C4500085989 /* Resources */ = {
			isa = PBXResourcesBuildPhase;
			buildActionMask = 2147483647;
			files = (
			);
			runOnlyForDeploymentPostprocessing = 0;
		};
/* End PBXResourcesBuildPhase section */

/* Begin PBXSourcesBuildPhase section */
		028F60F1294F9C4200085989 /* Sources */ = {
			isa = PBXSourcesBuildPhase;
			buildActionMask = 2147483647;
			files = (
				028F60F9294F9C4200085989 /* AppDelegate.swift in Sources */,
				028F612D2950F07100085989 /* ColorsDetailVC.swift in Sources */,
				028F612B2950E92D00085989 /* ColorsVC.swift in Sources */,
				028F60FB294F9C4200085989 /* SceneDelegate.swift in Sources */,
			);
			runOnlyForDeploymentPostprocessing = 0;
		};
		028F6107294F9C4500085989 /* Sources */ = {
			isa = PBXSourcesBuildPhase;
			buildActionMask = 2147483647;
			files = (
				028F6110294F9C4500085989 /* ColorsAppBeginnerLvlTests.swift in Sources */,
			);
			runOnlyForDeploymentPostprocessing = 0;
		};
		028F6111294F9C4500085989 /* Sources */ = {
			isa = PBXSourcesBuildPhase;
			buildActionMask = 2147483647;
			files = (
				028F611A294F9C4500085989 /* ColorsAppBeginnerLvlUITests.swift in Sources */,
				028F611C294F9C4500085989 /* ColorsAppBeginnerLvlUITestsLaunchTests.swift in Sources */,
			);
			runOnlyForDeploymentPostprocessing = 0;
		};
/* End PBXSourcesBuildPhase section */

/* Begin PBXTargetDependency section */
		028F610D294F9C4500085989 /* PBXTargetDependency */ = {
			isa = PBXTargetDependency;
			target = 028F60F4294F9C4200085989 /* ColorsAppBeginnerLvl */;
			targetProxy = 028F610C294F9C4500085989 /* PBXContainerItemProxy */;
		};
		028F6117294F9C4500085989 /* PBXTargetDependency */ = {
			isa = PBXTargetDependency;
			target = 028F60F4294F9C4200085989 /* ColorsAppBeginnerLvl */;
			targetProxy = 028F6116294F9C4500085989 /* PBXContainerItemProxy */;
		};
/* End PBXTargetDependency section */

/* Begin PBXVariantGroup section */
		028F60FE294F9C4200085989 /* Main.storyboard */ = {
			isa = PBXVariantGroup;
			children = (
				028F60FF294F9C4200085989 /* Base */,
			);
			name = Main.storyboard;
			sourceTree = "<group>";
		};
		028F6103294F9C4500085989 /* LaunchScreen.storyboard */ = {
			isa = PBXVariantGroup;
			children = (
				028F6104294F9C4500085989 /* Base */,
			);
			name = LaunchScreen.storyboard;
			sourceTree = "<group>";
		};
/* End PBXVariantGroup section */

/* Begin XCBuildConfiguration section */
		028F611D294F9C4500085989 /* Debug */ = {
			isa = XCBuildConfiguration;
			buildSettings = {
				ALWAYS_SEARCH_USER_PATHS = NO;
				CLANG_ANALYZER_NONNULL = YES;
				CLANG_ANALYZER_NUMBER_OBJECT_CONVERSION = YES_AGGRESSIVE;
				CLANG_CXX_LANGUAGE_STANDARD = "gnu++20";
				CLANG_ENABLE_MODULES = YES;
				CLANG_ENABLE_OBJC_ARC = YES;
				CLANG_ENABLE_OBJC_WEAK = YES;
				CLANG_WARN_BLOCK_CAPTURE_AUTORELEASING = YES;
				CLANG_WARN_BOOL_CONVERSION = YES;
				CLANG_WARN_COMMA = YES;
				CLANG_WARN_CONSTANT_CONVERSION = YES;
				CLANG_WARN_DEPRECATED_OBJC_IMPLEMENTATIONS = YES;
				CLANG_WARN_DIRECT_OBJC_ISA_USAGE = YES_ERROR;
				CLANG_WARN_DOCUMENTATION_COMMENTS = YES;
				CLANG_WARN_EMPTY_BODY = YES;
				CLANG_WARN_ENUM_CONVERSION = YES;
				CLANG_WARN_INFINITE_RECURSION = YES;
				CLANG_WARN_INT_CONVERSION = YES;
				CLANG_WARN_NON_LITERAL_NULL_CONVERSION = YES;
				CLANG_WARN_OBJC_IMPLICIT_RETAIN_SELF = YES;
				CLANG_WARN_OBJC_LITERAL_CONVERSION = YES;
				CLANG_WARN_OBJC_ROOT_CLASS = YES_ERROR;
				CLANG_WARN_QUOTED_INCLUDE_IN_FRAMEWORK_HEADER = YES;
				CLANG_WARN_RANGE_LOOP_ANALYSIS = YES;
				CLANG_WARN_STRICT_PROTOTYPES = YES;
				CLANG_WARN_SUSPICIOUS_MOVE = YES;
				CLANG_WARN_UNGUARDED_AVAILABILITY = YES_AGGRESSIVE;
				CLANG_WARN_UNREACHABLE_CODE = YES;
				CLANG_WARN__DUPLICATE_METHOD_MATCH = YES;
				COPY_PHASE_STRIP = NO;
				DEBUG_INFORMATION_FORMAT = dwarf;
				ENABLE_STRICT_OBJC_MSGSEND = YES;
				ENABLE_TESTABILITY = YES;
				GCC_C_LANGUAGE_STANDARD = gnu11;
				GCC_DYNAMIC_NO_PIC = NO;
				GCC_NO_COMMON_BLOCKS = YES;
				GCC_OPTIMIZATION_LEVEL = 0;
				GCC_PREPROCESSOR_DEFINITIONS = (
					"DEBUG=1",
					"$(inherited)",
				);
				GCC_WARN_64_TO_32_BIT_CONVERSION = YES;
				GCC_WARN_ABOUT_RETURN_TYPE = YES_ERROR;
				GCC_WARN_UNDECLARED_SELECTOR = YES;
				GCC_WARN_UNINITIALIZED_AUTOS = YES_AGGRESSIVE;
				GCC_WARN_UNUSED_FUNCTION = YES;
				GCC_WARN_UNUSED_VARIABLE = YES;
				IPHONEOS_DEPLOYMENT_TARGET = 16.2;
				MTL_ENABLE_DEBUG_INFO = INCLUDE_SOURCE;
				MTL_FAST_MATH = YES;
				ONLY_ACTIVE_ARCH = YES;
				SDKROOT = iphoneos;
				SWIFT_ACTIVE_COMPILATION_CONDITIONS = DEBUG;
				SWIFT_OPTIMIZATION_LEVEL = "-Onone";
			};
			name = Debug;
		};
		028F611E294F9C4500085989 /* Release */ = {
			isa = XCBuildConfiguration;
			buildSettings = {
				ALWAYS_SEARCH_USER_PATHS = NO;
				CLANG_ANALYZER_NONNULL = YES;
				CLANG_ANALYZER_NUMBER_OBJECT_CONVERSION = YES_AGGRESSIVE;
				CLANG_CXX_LANGUAGE_STANDARD = "gnu++20";
				CLANG_ENABLE_MODULES = YES;
				CLANG_ENABLE_OBJC_ARC = YES;
				CLANG_ENABLE_OBJC_WEAK = YES;
				CLANG_WARN_BLOCK_CAPTURE_AUTORELEASING = YES;
				CLANG_WARN_BOOL_CONVERSION = YES;
				CLANG_WARN_COMMA = YES;
				CLANG_WARN_CONSTANT_CONVERSION = YES;
				CLANG_WARN_DEPRECATED_OBJC_IMPLEMENTATIONS = YES;
				CLANG_WARN_DIRECT_OBJC_ISA_USAGE = YES_ERROR;
				CLANG_WARN_DOCUMENTATION_COMMENTS = YES;
				CLANG_WARN_EMPTY_BODY = YES;
				CLANG_WARN_ENUM_CONVERSION = YES;
				CLANG_WARN_INFINITE_RECURSION = YES;
				CLANG_WARN_INT_CONVERSION = YES;
				CLANG_WARN_NON_LITERAL_NULL_CONVERSION = YES;
				CLANG_WARN_OBJC_IMPLICIT_RETAIN_SELF = YES;
				CLANG_WARN_OBJC_LITERAL_CONVERSION = YES;
				CLANG_WARN_OBJC_ROOT_CLASS = YES_ERROR;
				CLANG_WARN_QUOTED_INCLUDE_IN_FRAMEWORK_HEADER = YES;
				CLANG_WARN_RANGE_LOOP_ANALYSIS = YES;
				CLANG_WARN_STRICT_PROTOTYPES = YES;
				CLANG_WARN_SUSPICIOUS_MOVE = YES;
				CLANG_WARN_UNGUARDED_AVAILABILITY = YES_AGGRESSIVE;
				CLANG_WARN_UNREACHABLE_CODE = YES;
				CLANG_WARN__DUPLICATE_METHOD_MATCH = YES;
				COPY_PHASE_STRIP = NO;
				DEBUG_INFORMATION_FORMAT = "dwarf-with-dsym";
				ENABLE_NS_ASSERTIONS = NO;
				ENABLE_STRICT_OBJC_MSGSEND = YES;
				GCC_C_LANGUAGE_STANDARD = gnu11;
				GCC_NO_COMMON_BLOCKS = YES;
				GCC_WARN_64_TO_32_BIT_CONVERSION = YES;
				GCC_WARN_ABOUT_RETURN_TYPE = YES_ERROR;
				GCC_WARN_UNDECLARED_SELECTOR = YES;
				GCC_WARN_UNINITIALIZED_AUTOS = YES_AGGRESSIVE;
				GCC_WARN_UNUSED_FUNCTION = YES;
				GCC_WARN_UNUSED_VARIABLE = YES;
				IPHONEOS_DEPLOYMENT_TARGET = 16.2;
				MTL_ENABLE_DEBUG_INFO = NO;
				MTL_FAST_MATH = YES;
				SDKROOT = iphoneos;
				SWIFT_COMPILATION_MODE = wholemodule;
				SWIFT_OPTIMIZATION_LEVEL = "-O";
				VALIDATE_PRODUCT = YES;
			};
			name = Release;
		};
		028F6120294F9C4500085989 /* Debug */ = {
			isa = XCBuildConfiguration;
			buildSettings = {
				ASSETCATALOG_COMPILER_APPICON_NAME = AppIcon;
				ASSETCATALOG_COMPILER_GLOBAL_ACCENT_COLOR_NAME = AccentColor;
				CODE_SIGN_STYLE = Automatic;
				CURRENT_PROJECT_VERSION = 1;
				GENERATE_INFOPLIST_FILE = YES;
				INFOPLIST_FILE = ColorsAppBeginnerLvl/Info.plist;
				INFOPLIST_KEY_UIApplicationSupportsIndirectInputEvents = YES;
				INFOPLIST_KEY_UILaunchStoryboardName = LaunchScreen;
				INFOPLIST_KEY_UIMainStoryboardFile = Main;
				INFOPLIST_KEY_UISupportedInterfaceOrientations_iPad = "UIInterfaceOrientationPortrait UIInterfaceOrientationPortraitUpsideDown UIInterfaceOrientationLandscapeLeft UIInterfaceOrientationLandscapeRight";
				INFOPLIST_KEY_UISupportedInterfaceOrientations_iPhone = "UIInterfaceOrientationPortrait UIInterfaceOrientationLandscapeLeft UIInterfaceOrientationLandscapeRight";
				LD_RUNPATH_SEARCH_PATHS = (
					"$(inherited)",
					"@executable_path/Frameworks",
				);
				MARKETING_VERSION = 1.0;
				PRODUCT_BUNDLE_IDENTIFIER = TraingDays.ColorsAppBeginnerLvl;
				PRODUCT_NAME = "$(TARGET_NAME)";
				SWIFT_EMIT_LOC_STRINGS = YES;
				SWIFT_VERSION = 5.0;
				TARGETED_DEVICE_FAMILY = "1,2";
			};
			name = Debug;
		};
		028F6121294F9C4500085989 /* Release */ = {
			isa = XCBuildConfiguration;
			buildSettings = {
				ASSETCATALOG_COMPILER_APPICON_NAME = AppIcon;
				ASSETCATALOG_COMPILER_GLOBAL_ACCENT_COLOR_NAME = AccentColor;
				CODE_SIGN_STYLE = Automatic;
				CURRENT_PROJECT_VERSION = 1;
				GENERATE_INFOPLIST_FILE = YES;
				INFOPLIST_FILE = ColorsAppBeginnerLvl/Info.plist;
				INFOPLIST_KEY_UIApplicationSupportsIndirectInputEvents = YES;
				INFOPLIST_KEY_UILaunchStoryboardName = LaunchScreen;
				INFOPLIST_KEY_UIMainStoryboardFile = Main;
				INFOPLIST_KEY_UISupportedInterfaceOrientations_iPad = "UIInterfaceOrientationPortrait UIInterfaceOrientationPortraitUpsideDown UIInterfaceOrientationLandscapeLeft UIInterfaceOrientationLandscapeRight";
				INFOPLIST_KEY_UISupportedInterfaceOrientations_iPhone = "UIInterfaceOrientationPortrait UIInterfaceOrientationLandscapeLeft UIInterfaceOrientationLandscapeRight";
				LD_RUNPATH_SEARCH_PATHS = (
					"$(inherited)",
					"@executable_path/Frameworks",
				);
				MARKETING_VERSION = 1.0;
				PRODUCT_BUNDLE_IDENTIFIER = TraingDays.ColorsAppBeginnerLvl;
				PRODUCT_NAME = "$(TARGET_NAME)";
				SWIFT_EMIT_LOC_STRINGS = YES;
				SWIFT_VERSION = 5.0;
				TARGETED_DEVICE_FAMILY = "1,2";
			};
			name = Release;
		};
		028F6123294F9C4500085989 /* Debug */ = {
			isa = XCBuildConfiguration;
			buildSettings = {
				ALWAYS_EMBED_SWIFT_STANDARD_LIBRARIES = YES;
				BUNDLE_LOADER = "$(TEST_HOST)";
				CODE_SIGN_STYLE = Automatic;
				CURRENT_PROJECT_VERSION = 1;
				GENERATE_INFOPLIST_FILE = YES;
				IPHONEOS_DEPLOYMENT_TARGET = 16.2;
				MARKETING_VERSION = 1.0;
				PRODUCT_BUNDLE_IDENTIFIER = TraingDays.ColorsAppBeginnerLvlTests;
				PRODUCT_NAME = "$(TARGET_NAME)";
				SWIFT_EMIT_LOC_STRINGS = NO;
				SWIFT_VERSION = 5.0;
				TARGETED_DEVICE_FAMILY = "1,2";
				TEST_HOST = "$(BUILT_PRODUCTS_DIR)/ColorsAppBeginnerLvl.app/$(BUNDLE_EXECUTABLE_FOLDER_PATH)/ColorsAppBeginnerLvl";
			};
			name = Debug;
		};
		028F6124294F9C4500085989 /* Release */ = {
			isa = XCBuildConfiguration;
			buildSettings = {
				ALWAYS_EMBED_SWIFT_STANDARD_LIBRARIES = YES;
				BUNDLE_LOADER = "$(TEST_HOST)";
				CODE_SIGN_STYLE = Automatic;
				CURRENT_PROJECT_VERSION = 1;
				GENERATE_INFOPLIST_FILE = YES;
				IPHONEOS_DEPLOYMENT_TARGET = 16.2;
				MARKETING_VERSION = 1.0;
				PRODUCT_BUNDLE_IDENTIFIER = TraingDays.ColorsAppBeginnerLvlTests;
				PRODUCT_NAME = "$(TARGET_NAME)";
				SWIFT_EMIT_LOC_STRINGS = NO;
				SWIFT_VERSION = 5.0;
				TARGETED_DEVICE_FAMILY = "1,2";
				TEST_HOST = "$(BUILT_PRODUCTS_DIR)/ColorsAppBeginnerLvl.app/$(BUNDLE_EXECUTABLE_FOLDER_PATH)/ColorsAppBeginnerLvl";
			};
			name = Release;
		};
		028F6126294F9C4500085989 /* Debug */ = {
			isa = XCBuildConfiguration;
			buildSettings = {
				ALWAYS_EMBED_SWIFT_STANDARD_LIBRARIES = YES;
				CODE_SIGN_STYLE = Automatic;
				CURRENT_PROJECT_VERSION = 1;
				GENERATE_INFOPLIST_FILE = YES;
				MARKETING_VERSION = 1.0;
				PRODUCT_BUNDLE_IDENTIFIER = TraingDays.ColorsAppBeginnerLvlUITests;
				PRODUCT_NAME = "$(TARGET_NAME)";
				SWIFT_EMIT_LOC_STRINGS = NO;
				SWIFT_VERSION = 5.0;
				TARGETED_DEVICE_FAMILY = "1,2";
				TEST_TARGET_NAME = ColorsAppBeginnerLvl;
			};
			name = Debug;
		};
		028F6127294F9C4500085989 /* Release */ = {
			isa = XCBuildConfiguration;
			buildSettings = {
				ALWAYS_EMBED_SWIFT_STANDARD_LIBRARIES = YES;
				CODE_SIGN_STYLE = Automatic;
				CURRENT_PROJECT_VERSION = 1;
				GENERATE_INFOPLIST_FILE = YES;
				MARKETING_VERSION = 1.0;
				PRODUCT_BUNDLE_IDENTIFIER = TraingDays.ColorsAppBeginnerLvlUITests;
				PRODUCT_NAME = "$(TARGET_NAME)";
				SWIFT_EMIT_LOC_STRINGS = NO;
				SWIFT_VERSION = 5.0;
				TARGETED_DEVICE_FAMILY = "1,2";
				TEST_TARGET_NAME = ColorsAppBeginnerLvl;
			};
			name = Release;
		};
/* End XCBuildConfiguration section */

/* Begin XCConfigurationList section */
		028F60F0294F9C4200085989 /* Build configuration list for PBXProject "ColorsAppBeginnerLvl" */ = {
			isa = XCConfigurationList;
			buildConfigurations = (
				028F611D294F9C4500085989 /* Debug */,
				028F611E294F9C4500085989 /* Release */,
			);
			defaultConfigurationIsVisible = 0;
			defaultConfigurationName = Release;
		};
		028F611F294F9C4500085989 /* Build configuration list for PBXNativeTarget "ColorsAppBeginnerLvl" */ = {
			isa = XCConfigurationList;
			buildConfigurations = (
				028F6120294F9C4500085989 /* Debug */,
				028F6121294F9C4500085989 /* Release */,
			);
			defaultConfigurationIsVisible = 0;
			defaultConfigurationName = Release;
		};
		028F6122294F9C4500085989 /* Build configuration list for PBXNativeTarget "ColorsAppBeginnerLvlTests" */ = {
			isa = XCConfigurationList;
			buildConfigurations = (
				028F6123294F9C4500085989 /* Debug */,
				028F6124294F9C4500085989 /* Release */,
			);
			defaultConfigurationIsVisible = 0;
			defaultConfigurationName = Release;
		};
		028F6125294F9C4500085989 /* Build configuration list for PBXNativeTarget "ColorsAppBeginnerLvlUITests" */ = {
			isa = XCConfigurationList;
			buildConfigurations = (
				028F6126294F9C4500085989 /* Debug */,
				028F6127294F9C4500085989 /* Release */,
			);
			defaultConfigurationIsVisible = 0;
			defaultConfigurationName = Release;
		};
/* End XCConfigurationList section */
	};
	rootObject = 028F60ED294F9C4200085989 /* Project object */;
}
